Microsoft Visual Studio Solution File, Format Version 12.00
# Visual Studio Version 17
VisualStudioVersion = 17.5.2.0
MinimumVisualStudioVersion = 10.0.40219.1
Project("{FAE04EC0-301F-11D3-BF4B-00C04F79EFBC}") = "TestNet", "TestNet.csproj", "{A729B91D-24A2-76A6-5DD2-074E5D4182B1}"
EndProject
Global
	GlobalSection(SolutionConfigurationPlatforms) = preSolution
		Debug|Any CPU = Debug|Any CPU
		Release|Any CPU = Release|Any CPU
	EndGlobalSection
	GlobalSection(ProjectConfigurationPlatforms) = postSolution
		{A729B91D-24A2-76A6-5DD2-074E5D4182B1}.Debug|Any CPU.ActiveCfg = Debug|Any CPU
		{A729B91D-24A2-76A6-5DD2-074E5D4182B1}.Debug|Any CPU.Build.0 = Debug|Any CPU
		{A729B91D-24A2-76A6-5DD2-074E5D4182B1}.Release|Any CPU.ActiveCfg = Release|Any CPU
		{A729B91D-24A2-76A6-5DD2-074E5D4182B1}.Release|Any CPU.Build.0 = Release|Any CPU
	EndGlobalSection
	GlobalSection(SolutionProperties) = preSolution
		HideSolutionNode = FALSE
	EndGlobalSection
	GlobalSection(ExtensibilityGlobals) = postSolution
		SolutionGuid = {AE976EAC-4C5A-4479-8299-7D2E8B794D63}
	EndGlobalSection
EndGlobal
